// !$*UTF8*$!
{
	archiveVersion = 1;
	classes = {
	};
	objectVersion = 77;
	objects = {

/* Begin PBXBuildFile section */
		164379752F34D09C009D1434 /* PedalPal-info.plist in Resources */ = {isa = PBXBuildFile; fileRef = 164379742F34D09C009D1434 /* PedalPal-info.plist */; };
		164379792F34D66F009D1434 /* Launch Screen.storyboard in Resources */ = {isa = PBXBuildFile; fileRef = 164379782F34D66F009D1434 /* Launch Screen.storyboard */; };
		1643797D2F34ED01009D1434 /* LoginUseCases.swift in Sources */ = {isa = PBXBuildFile; fileRef = 1643797C2F34ED01009D1434 /* LoginUseCases.swift */; };
		164379802F352034009D1434 /* AuthRepositoryImpl.swift in Sources */ = {isa = PBXBuildFile; fileRef = 1643797F2F35202A009D1434 /* AuthRepositoryImpl.swift */; };
		164379832F3520AA009D1434 /* AuthRemoteDataSource.swift in Sources */ = {isa = PBXBuildFile; fileRef = 164379822F3520A1009D1434 /* AuthRemoteDataSource.swift */; };
		164379852F3520C6009D1434 /* FirebaseAuthDataSource.swift in Sources */ = {isa = PBXBuildFile; fileRef = 164379842F3520C4009D1434 /* FirebaseAuthDataSource.swift */; };
		164379872F352139009D1434 /* FirebaseAuthDataSourceImpl.swift in Sources */ = {isa = PBXBuildFile; fileRef = 164379862F352138009D1434 /* FirebaseAuthDataSourceImpl.swift */; };
		164379892F3522EF009D1434 /* FirebaseUser+Async.swift in Sources */ = {isa = PBXBuildFile; fileRef = 164379882F3522EB009D1434 /* FirebaseUser+Async.swift */; };
		1643798B2F3522FC009D1434 /* FirebaseAuth+Async.swift in Sources */ = {isa = PBXBuildFile; fileRef = 1643798A2F3522FB009D1434 /* FirebaseAuth+Async.swift */; };
		1643798E2F352398009D1434 /* AuthError.swift in Sources */ = {isa = PBXBuildFile; fileRef = 1643798D2F352391009D1434 /* AuthError.swift */; };
		164379912F35241B009D1434 /* AuthTokensDto.swift in Sources */ = {isa = PBXBuildFile; fileRef = 164379902F352419009D1434 /* AuthTokensDto.swift */; };
		164379942F35244C009D1434 /* AuthTokenMapper.swift in Sources */ = {isa = PBXBuildFile; fileRef = 164379932F35244B009D1434 /* AuthTokenMapper.swift */; };
		164379962F352462009D1434 /* AuthRemoteDataSourceImpl.swift in Sources */ = {isa = PBXBuildFile; fileRef = 164379952F352460009D1434 /* AuthRemoteDataSourceImpl.swift */; };
		164379992F352FF9009D1434 /* FirebaseAnalytics in Frameworks */ = {isa = PBXBuildFile; productRef = 164379982F352FF9009D1434 /* FirebaseAnalytics */; };
		1643799B2F352FF9009D1434 /* FirebaseAnalyticsCore in Frameworks */ = {isa = PBXBuildFile; productRef = 1643799A2F352FF9009D1434 /* FirebaseAnalyticsCore */; };
		1643799D2F352FF9009D1434 /* FirebaseAnalyticsIdentitySupport in Frameworks */ = {isa = PBXBuildFile; productRef = 1643799C2F352FF9009D1434 /* FirebaseAnalyticsIdentitySupport */; };
		1643799F2F352FF9009D1434 /* FirebaseAuth in Frameworks */ = {isa = PBXBuildFile; productRef = 1643799E2F352FF9009D1434 /* FirebaseAuth */; };
		164379A12F352FF9009D1434 /* FirebaseCore in Frameworks */ = {isa = PBXBuildFile; productRef = 164379A02F352FF9009D1434 /* FirebaseCore */; };
		164379A32F352FF9009D1434 /* FirebaseCrashlytics in Frameworks */ = {isa = PBXBuildFile; productRef = 164379A22F352FF9009D1434 /* FirebaseCrashlytics */; };
		164379A62F35304F009D1434 /* GoogleSignIn in Frameworks */ = {isa = PBXBuildFile; productRef = 164379A52F35304F009D1434 /* GoogleSignIn */; };
		164379A82F35304F009D1434 /* GoogleSignInSwift in Frameworks */ = {isa = PBXBuildFile; productRef = 164379A72F35304F009D1434 /* GoogleSignInSwift */; };
		164379AA2F3530CA009D1434 /* GoogleService-Info.plist in Resources */ = {isa = PBXBuildFile; fileRef = 164379A92F3530C9009D1434 /* GoogleService-Info.plist */; };
		164379AC2F3571A6009D1434 /* AppDelegate.swift in Sources */ = {isa = PBXBuildFile; fileRef = 164379AB2F3571A3009D1434 /* AppDelegate.swift */; };
		164379AE2F3572CD009D1434 /* FirebaseUserMapper.swift in Sources */ = {isa = PBXBuildFile; fileRef = 164379AD2F3572C4009D1434 /* FirebaseUserMapper.swift */; };
		16596F032F3248A00091936F /* AuthGateView.swift in Sources */ = {isa = PBXBuildFile; fileRef = 16596F002F3248A00091936F /* AuthGateView.swift */; };
		16596F0C2F324FCB0091936F /* BackendUser.swift in Sources */ = {isa = PBXBuildFile; fileRef = 16596F0A2F324FCB0091936F /* BackendUser.swift */; };
		16596F0D2F324FCB0091936F /* FirebaseUserInfo.swift in Sources */ = {isa = PBXBuildFile; fileRef = 16596F0B2F324FCB0091936F /* FirebaseUserInfo.swift */; };
		16596F0E2F324FCB0091936F /* BackendPerson.swift in Sources */ = {isa = PBXBuildFile; fileRef = 16596F092F324FCB0091936F /* BackendPerson.swift */; };
		16596F0F2F324FCB0091936F /* BackendCreateUserRequest.swift in Sources */ = {isa = PBXBuildFile; fileRef = 16596F082F324FCB0091936F /* BackendCreateUserRequest.swift */; };
		16596F102F324FCB0091936F /* AuthToken.swift in Sources */ = {isa = PBXBuildFile; fileRef = 16596F072F324FCB0091936F /* AuthToken.swift */; };
		16596F122F324FD70091936F /* AuthRepository.swift in Sources */ = {isa = PBXBuildFile; fileRef = 16596F112F324FD70091936F /* AuthRepository.swift */; };
		16596F1A2F3250000091936F /* SignUpWithEmailUseCase.swift in Sources */ = {isa = PBXBuildFile; fileRef = 16596F192F3250000091936F /* SignUpWithEmailUseCase.swift */; };
		16596F1B2F3250000091936F /* ReloadUserUseCase.swift in Sources */ = {isa = PBXBuildFile; fileRef = 16596F152F3250000091936F /* ReloadUserUseCase.swift */; };
		16596F1C2F3250000091936F /* CheckEmailVerifiedUseCase.swift in Sources */ = {isa = PBXBuildFile; fileRef = 16596F132F3250000091936F /* CheckEmailVerifiedUseCase.swift */; };
		16596F1D2F3250000091936F /* SignInWithGoogleUseCase.swift in Sources */ = {isa = PBXBuildFile; fileRef = 16596F182F3250000091936F /* SignInWithGoogleUseCase.swift */; };
		16596F1E2F3250000091936F /* SendVerificationEmailUseCase.swift in Sources */ = {isa = PBXBuildFile; fileRef = 16596F162F3250000091936F /* SendVerificationEmailUseCase.swift */; };
		16596F1F2F3250000091936F /* SignInWithEmailUseCase.swift in Sources */ = {isa = PBXBuildFile; fileRef = 16596F172F3250000091936F /* SignInWithEmailUseCase.swift */; };
		16596F202F3250000091936F /* CreateBackendUserUseCase.swift in Sources */ = {isa = PBXBuildFile; fileRef = 16596F142F3250000091936F /* CreateBackendUserUseCase.swift */; };
		16A8545C2F323F0500413976 /* PedalPalApp.swift in Sources */ = {isa = PBXBuildFile; fileRef = 16A8545B2F323F0500413976 /* PedalPalApp.swift */; };
		16A854622F323F0600413976 /* Assets.xcassets in Resources */ = {isa = PBXBuildFile; fileRef = 16A854612F323F0600413976 /* Assets.xcassets */; };
		16A854902F32431300413976 /* AppEnvironment.swift in Sources */ = {isa = PBXBuildFile; fileRef = 16A8548F2F32430E00413976 /* AppEnvironment.swift */; };
		16C95C1F2F343D5400F04057 /* LoginViewModel.swift in Sources */ = {isa = PBXBuildFile; fileRef = 16C95C1E2F343D5400F04057 /* LoginViewModel.swift */; };
		16C95C202F343D5400F04057 /* LoginUiState.swift in Sources */ = {isa = PBXBuildFile; fileRef = 16C95C1D2F343D5400F04057 /* LoginUiState.swift */; };
		16C95C242F34437800F04057 /* AppointmentsView.swift in Sources */ = {isa = PBXBuildFile; fileRef = 16C95C212F34437800F04057 /* AppointmentsView.swift */; };
		16C95C282F34438200F04057 /* BikesView.swift in Sources */ = {isa = PBXBuildFile; fileRef = 16C95C252F34438200F04057 /* BikesView.swift */; };
		16C95C2C2F34438700F04057 /* HomeView.swift in Sources */ = {isa = PBXBuildFile; fileRef = 16C95C292F34438700F04057 /* HomeView.swift */; };
		16C95C302F34439000F04057 /* MainTabView.swift in Sources */ = {isa = PBXBuildFile; fileRef = 16C95C2D2F34439000F04057 /* MainTabView.swift */; };
		16C95C342F34439600F04057 /* ProfileView.swift in Sources */ = {isa = PBXBuildFile; fileRef = 16C95C312F34439600F04057 /* ProfileView.swift */; };
/* End PBXBuildFile section */

/* Begin PBXContainerItemProxy section */
		16A854682F323F0700413976 /* PBXContainerItemProxy */ = {
			isa = PBXContainerItemProxy;
			containerPortal = 16A854502F323F0400413976 /* Project object */;
			proxyType = 1;
			remoteGlobalIDString = 16A854572F323F0400413976;
			remoteInfo = PedalPal;
		};
		16A854722F323F0700413976 /* PBXContainerItemProxy */ = {
			isa = PBXContainerItemProxy;
			containerPortal = 16A854502F323F0400413976 /* Project object */;
			proxyType = 1;
			remoteGlobalIDString = 16A854572F323F0400413976;
			remoteInfo = PedalPal;
		};
/* End PBXContainerItemProxy section */

/* Begin PBXFileReference section */
		164379742F34D09C009D1434 /* PedalPal-info.plist */ = {isa = PBXFileReference; lastKnownFileType = text.plist; path = "PedalPal-info.plist"; sourceTree = "<group>"; };
		164379782F34D66F009D1434 /* Launch Screen.storyboard */ = {isa = PBXFileReference; lastKnownFileType = file.storyboard; path = "Launch Screen.storyboard"; sourceTree = "<group>"; };
		1643797C2F34ED01009D1434 /* LoginUseCases.swift */ = {isa = PBXFileReference; lastKnownFileType = sourcecode.swift; path = LoginUseCases.swift; sourceTree = "<group>"; };
		1643797F2F35202A009D1434 /* AuthRepositoryImpl.swift */ = {isa = PBXFileReference; lastKnownFileType = sourcecode.swift; path = AuthRepositoryImpl.swift; sourceTree = "<group>"; };
		164379822F3520A1009D1434 /* AuthRemoteDataSource.swift */ = {isa = PBXFileReference; lastKnownFileType = sourcecode.swift; path = AuthRemoteDataSource.swift; sourceTree = "<group>"; };
		164379842F3520C4009D1434 /* FirebaseAuthDataSource.swift */ = {isa = PBXFileReference; lastKnownFileType = sourcecode.swift; path = FirebaseAuthDataSource.swift; sourceTree = "<group>"; };
		164379862F352138009D1434 /* FirebaseAuthDataSourceImpl.swift */ = {isa = PBXFileReference; lastKnownFileType = sourcecode.swift; path = FirebaseAuthDataSourceImpl.swift; sourceTree = "<group>"; };
		164379882F3522EB009D1434 /* FirebaseUser+Async.swift */ = {isa = PBXFileReference; lastKnownFileType = sourcecode.swift; path = "FirebaseUser+Async.swift"; sourceTree = "<group>"; };
		1643798A2F3522FB009D1434 /* FirebaseAuth+Async.swift */ = {isa = PBXFileReference; lastKnownFileType = sourcecode.swift; path = "FirebaseAuth+Async.swift"; sourceTree = "<group>"; };
		1643798D2F352391009D1434 /* AuthError.swift */ = {isa = PBXFileReference; lastKnownFileType = sourcecode.swift; path = AuthError.swift; sourceTree = "<group>"; };
		164379902F352419009D1434 /* AuthTokensDto.swift */ = {isa = PBXFileReference; lastKnownFileType = sourcecode.swift; path = AuthTokensDto.swift; sourceTree = "<group>"; };
		164379932F35244B009D1434 /* AuthTokenMapper.swift */ = {isa = PBXFileReference; lastKnownFileType = sourcecode.swift; path = AuthTokenMapper.swift; sourceTree = "<group>"; };
		164379952F352460009D1434 /* AuthRemoteDataSourceImpl.swift */ = {isa = PBXFileReference; lastKnownFileType = sourcecode.swift; path = AuthRemoteDataSourceImpl.swift; sourceTree = "<group>"; };
		164379A92F3530C9009D1434 /* GoogleService-Info.plist */ = {isa = PBXFileReference; lastKnownFileType = text.plist.xml; path = "GoogleService-Info.plist"; sourceTree = "<group>"; };
		164379AB2F3571A3009D1434 /* AppDelegate.swift */ = {isa = PBXFileReference; lastKnownFileType = sourcecode.swift; path = AppDelegate.swift; sourceTree = "<group>"; };
		164379AD2F3572C4009D1434 /* FirebaseUserMapper.swift */ = {isa = PBXFileReference; lastKnownFileType = sourcecode.swift; path = FirebaseUserMapper.swift; sourceTree = "<group>"; };
		16596F002F3248A00091936F /* AuthGateView.swift */ = {isa = PBXFileReference; lastKnownFileType = sourcecode.swift; path = AuthGateView.swift; sourceTree = "<group>"; };
		16596F072F324FCB0091936F /* AuthToken.swift */ = {isa = PBXFileReference; lastKnownFileType = sourcecode.swift; path = AuthToken.swift; sourceTree = "<group>"; };
		16596F082F324FCB0091936F /* BackendCreateUserRequest.swift */ = {isa = PBXFileReference; lastKnownFileType = sourcecode.swift; path = BackendCreateUserRequest.swift; sourceTree = "<group>"; };
		16596F092F324FCB0091936F /* BackendPerson.swift */ = {isa = PBXFileReference; lastKnownFileType = sourcecode.swift; path = BackendPerson.swift; sourceTree = "<group>"; };
		16596F0A2F324FCB0091936F /* BackendUser.swift */ = {isa = PBXFileReference; lastKnownFileType = sourcecode.swift; path = BackendUser.swift; sourceTree = "<group>"; };
		16596F0B2F324FCB0091936F /* FirebaseUserInfo.swift */ = {isa = PBXFileReference; lastKnownFileType = sourcecode.swift; path = FirebaseUserInfo.swift; sourceTree = "<group>"; };
		16596F112F324FD70091936F /* AuthRepository.swift */ = {isa = PBXFileReference; lastKnownFileType = sourcecode.swift; path = AuthRepository.swift; sourceTree = "<group>"; };
		16596F132F3250000091936F /* CheckEmailVerifiedUseCase.swift */ = {isa = PBXFileReference; lastKnownFileType = sourcecode.swift; path = CheckEmailVerifiedUseCase.swift; sourceTree = "<group>"; };
		16596F142F3250000091936F /* CreateBackendUserUseCase.swift */ = {isa = PBXFileReference; lastKnownFileType = sourcecode.swift; path = CreateBackendUserUseCase.swift; sourceTree = "<group>"; };
		16596F152F3250000091936F /* ReloadUserUseCase.swift */ = {isa = PBXFileReference; lastKnownFileType = sourcecode.swift; path = ReloadUserUseCase.swift; sourceTree = "<group>"; };
		16596F162F3250000091936F /* SendVerificationEmailUseCase.swift */ = {isa = PBXFileReference; lastKnownFileType = sourcecode.swift; path = SendVerificationEmailUseCase.swift; sourceTree = "<group>"; };
		16596F172F3250000091936F /* SignInWithEmailUseCase.swift */ = {isa = PBXFileReference; lastKnownFileType = sourcecode.swift; path = SignInWithEmailUseCase.swift; sourceTree = "<group>"; };
		16596F182F3250000091936F /* SignInWithGoogleUseCase.swift */ = {isa = PBXFileReference; lastKnownFileType = sourcecode.swift; path = SignInWithGoogleUseCase.swift; sourceTree = "<group>"; };
		16596F192F3250000091936F /* SignUpWithEmailUseCase.swift */ = {isa = PBXFileReference; lastKnownFileType = sourcecode.swift; path = SignUpWithEmailUseCase.swift; sourceTree = "<group>"; };
		16A854582F323F0400413976 /* PedalPal.app */ = {isa = PBXFileReference; explicitFileType = wrapper.application; includeInIndex = 0; path = PedalPal.app; sourceTree = BUILT_PRODUCTS_DIR; };
		16A8545B2F323F0500413976 /* PedalPalApp.swift */ = {isa = PBXFileReference; lastKnownFileType = sourcecode.swift; path = PedalPalApp.swift; sourceTree = "<group>"; };
		16A854612F323F0600413976 /* Assets.xcassets */ = {isa = PBXFileReference; lastKnownFileType = folder.assetcatalog; path = Assets.xcassets; sourceTree = "<group>"; };
		16A854672F323F0700413976 /* PedalPalTests.xctest */ = {isa = PBXFileReference; explicitFileType = wrapper.cfbundle; includeInIndex = 0; path = PedalPalTests.xctest; sourceTree = BUILT_PRODUCTS_DIR; };
		16A854712F323F0700413976 /* PedalPalUITests.xctest */ = {isa = PBXFileReference; explicitFileType = wrapper.cfbundle; includeInIndex = 0; path = PedalPalUITests.xctest; sourceTree = BUILT_PRODUCTS_DIR; };
		16A8548F2F32430E00413976 /* AppEnvironment.swift */ = {isa = PBXFileReference; lastKnownFileType = sourcecode.swift; path = AppEnvironment.swift; sourceTree = "<group>"; };
		16C95C1D2F343D5400F04057 /* LoginUiState.swift */ = {isa = PBXFileReference; lastKnownFileType = sourcecode.swift; path = LoginUiState.swift; sourceTree = "<group>"; };
		16C95C1E2F343D5400F04057 /* LoginViewModel.swift */ = {isa = PBXFileReference; lastKnownFileType = sourcecode.swift; path = LoginViewModel.swift; sourceTree = "<group>"; };
		16C95C212F34437800F04057 /* AppointmentsView.swift */ = {isa = PBXFileReference; lastKnownFileType = sourcecode.swift; path = AppointmentsView.swift; sourceTree = "<group>"; };
		16C95C252F34438200F04057 /* BikesView.swift */ = {isa = PBXFileReference; lastKnownFileType = sourcecode.swift; path = BikesView.swift; sourceTree = "<group>"; };
		16C95C292F34438700F04057 /* HomeView.swift */ = {isa = PBXFileReference; lastKnownFileType = sourcecode.swift; path = HomeView.swift; sourceTree = "<group>"; };
		16C95C2D2F34439000F04057 /* MainTabView.swift */ = {isa = PBXFileReference; lastKnownFileType = sourcecode.swift; path = MainTabView.swift; sourceTree = "<group>"; };
		16C95C312F34439600F04057 /* ProfileView.swift */ = {isa = PBXFileReference; lastKnownFileType = sourcecode.swift; path = ProfileView.swift; sourceTree = "<group>"; };
		16C95C382F34471600F04057 /* README_LaunchScreen.md */ = {isa = PBXFileReference; lastKnownFileType = net.daringfireball.markdown; path = README_LaunchScreen.md; sourceTree = "<group>"; };
/* End PBXFileReference section */

/* Begin PBXFileSystemSynchronizedRootGroup section */
		16A8546A2F323F0700413976 /* PedalPalTests */ = {
			isa = PBXFileSystemSynchronizedRootGroup;
			path = PedalPalTests;
			sourceTree = "<group>";
		};
		16A854742F323F0700413976 /* PedalPalUITests */ = {
			isa = PBXFileSystemSynchronizedRootGroup;
			path = PedalPalUITests;
			sourceTree = "<group>";
		};
/* End PBXFileSystemSynchronizedRootGroup section */

/* Begin PBXFrameworksBuildPhase section */
		16A854552F323F0400413976 /* Frameworks */ = {
			isa = PBXFrameworksBuildPhase;
			buildActionMask = 2147483647;
			files = (
				164379992F352FF9009D1434 /* FirebaseAnalytics in Frameworks */,
				164379A12F352FF9009D1434 /* FirebaseCore in Frameworks */,
				1643799B2F352FF9009D1434 /* FirebaseAnalyticsCore in Frameworks */,
				164379A82F35304F009D1434 /* GoogleSignInSwift in Frameworks */,
				164379A32F352FF9009D1434 /* FirebaseCrashlytics in Frameworks */,
				1643799D2F352FF9009D1434 /* FirebaseAnalyticsIdentitySupport in Frameworks */,
				1643799F2F352FF9009D1434 /* FirebaseAuth in Frameworks */,
				164379A62F35304F009D1434 /* GoogleSignIn in Frameworks */,
			);
			runOnlyForDeploymentPostprocessing = 0;
		};
		16A854642F323F0700413976 /* Frameworks */ = {
			isa = PBXFrameworksBuildPhase;
			buildActionMask = 2147483647;
			files = (
			);
			runOnlyForDeploymentPostprocessing = 0;
		};
		16A8546E2F323F0700413976 /* Frameworks */ = {
			isa = PBXFrameworksBuildPhase;
			buildActionMask = 2147483647;
			files = (
			);
			runOnlyForDeploymentPostprocessing = 0;
		};
/* End PBXFrameworksBuildPhase section */

/* Begin PBXGroup section */
		1643797E2F352014009D1434 /* Repositories */ = {
			isa = PBXGroup;
			children = (
				1643797F2F35202A009D1434 /* AuthRepositoryImpl.swift */,
			);
			path = Repositories;
			sourceTree = "<group>";
		};
		164379812F352093009D1434 /* Remote */ = {
			isa = PBXGroup;
			children = (
				164379952F352460009D1434 /* AuthRemoteDataSourceImpl.swift */,
				164379822F3520A1009D1434 /* AuthRemoteDataSource.swift */,
			);
			path = Remote;
			sourceTree = "<group>";
		};
		1643798C2F352357009D1434 /* Firebase */ = {
			isa = PBXGroup;
			children = (
				1643798A2F3522FB009D1434 /* FirebaseAuth+Async.swift */,
				164379882F3522EB009D1434 /* FirebaseUser+Async.swift */,
				164379842F3520C4009D1434 /* FirebaseAuthDataSource.swift */,
				164379862F352138009D1434 /* FirebaseAuthDataSourceImpl.swift */,
			);
			path = Firebase;
			sourceTree = "<group>";
		};
		1643798F2F3523FD009D1434 /* Dtos */ = {
			isa = PBXGroup;
			children = (
				164379902F352419009D1434 /* AuthTokensDto.swift */,
			);
			path = Dtos;
			sourceTree = "<group>";
		};
		164379922F35242E009D1434 /* Mappers */ = {
			isa = PBXGroup;
			children = (
				164379AD2F3572C4009D1434 /* FirebaseUserMapper.swift */,
				164379932F35244B009D1434 /* AuthTokenMapper.swift */,
			);
			path = Mappers;
			sourceTree = "<group>";
		};
		16596F042F3249360091936F /* UseCases */ = {
			isa = PBXGroup;
			children = (
				16596F132F3250000091936F /* CheckEmailVerifiedUseCase.swift */,
				16596F142F3250000091936F /* CreateBackendUserUseCase.swift */,
				16596F152F3250000091936F /* ReloadUserUseCase.swift */,
				16596F162F3250000091936F /* SendVerificationEmailUseCase.swift */,
				16596F172F3250000091936F /* SignInWithEmailUseCase.swift */,
				16596F182F3250000091936F /* SignInWithGoogleUseCase.swift */,
				16596F192F3250000091936F /* SignUpWithEmailUseCase.swift */,
				1643797C2F34ED01009D1434 /* LoginUseCases.swift */,
			);
			path = UseCases;
			sourceTree = "<group>";
		};
		16596F052F324A160091936F /* Models */ = {
			isa = PBXGroup;
			children = (
				1643798D2F352391009D1434 /* AuthError.swift */,
				16596F072F324FCB0091936F /* AuthToken.swift */,
				16596F082F324FCB0091936F /* BackendCreateUserRequest.swift */,
				16596F092F324FCB0091936F /* BackendPerson.swift */,
				16596F0A2F324FCB0091936F /* BackendUser.swift */,
				16596F0B2F324FCB0091936F /* FirebaseUserInfo.swift */,
			);
			path = Models;
			sourceTree = "<group>";
		};
		16596F062F324A220091936F /* Repositories */ = {
			isa = PBXGroup;
			children = (
				16596F112F324FD70091936F /* AuthRepository.swift */,
			);
			path = Repositories;
			sourceTree = "<group>";
		};
		16A8544F2F323F0400413976 = {
			isa = PBXGroup;
			children = (
				16A8548D2F3241F000413976 /* App */,
				16A854842F32405D00413976 /* Core */,
				16A854852F32408200413976 /* Features */,
				16A8548E2F32422700413976 /* Resources */,
				16A8546A2F323F0700413976 /* PedalPalTests */,
				16A854742F323F0700413976 /* PedalPalUITests */,
				16A854592F323F0400413976 /* Products */,
				164379742F34D09C009D1434 /* PedalPal-info.plist */,
				164379A92F3530C9009D1434 /* GoogleService-Info.plist */,
			);
			sourceTree = "<group>";
		};
		16A854592F323F0400413976 /* Products */ = {
			isa = PBXGroup;
			children = (
				16A854582F323F0400413976 /* PedalPal.app */,
				16A854672F323F0700413976 /* PedalPalTests.xctest */,
				16A854712F323F0700413976 /* PedalPalUITests.xctest */,
			);
			name = Products;
			sourceTree = "<group>";
		};
		16A854842F32405D00413976 /* Core */ = {
			isa = PBXGroup;
			children = (
				16A8548B2F3240B600413976 /* Data */,
				16A8548A2F3240AF00413976 /* Domain */,
				16A8548C2F3240BD00413976 /* UI */,
			);
			path = Core;
			sourceTree = "<group>";
		};
		16A854852F32408200413976 /* Features */ = {
			isa = PBXGroup;
			children = (
				16A854862F32408D00413976 /* Auth */,
				16C95C232F34437800F04057 /* Appointments */,
				16C95C272F34438200F04057 /* Bikes */,
				16C95C2B2F34438700F04057 /* Home */,
				16C95C2F2F34439000F04057 /* MainTab */,
				16C95C332F34439600F04057 /* Profile */,
			);
			path = Features;
			sourceTree = "<group>";
		};
		16A854862F32408D00413976 /* Auth */ = {
			isa = PBXGroup;
			children = (
				16A854882F32409D00413976 /* Data */,
				16A854872F32409600413976 /* Domain */,
				16A854892F3240A200413976 /* UI */,
			);
			path = Auth;
			sourceTree = "<group>";
		};
		16A854872F32409600413976 /* Domain */ = {
			isa = PBXGroup;
			children = (
				16596F052F324A160091936F /* Models */,
				16596F062F324A220091936F /* Repositories */,
				16596F042F3249360091936F /* UseCases */,
			);
			path = Domain;
			sourceTree = "<group>";
		};
		16A854882F32409D00413976 /* Data */ = {
			isa = PBXGroup;
			children = (
				1643798F2F3523FD009D1434 /* Dtos */,
				1643798C2F352357009D1434 /* Firebase */,
				164379922F35242E009D1434 /* Mappers */,
				164379812F352093009D1434 /* Remote */,
				1643797E2F352014009D1434 /* Repositories */,
			);
			path = Data;
			sourceTree = "<group>";
		};
		16A854892F3240A200413976 /* UI */ = {
			isa = PBXGroup;
			children = (
				16596F002F3248A00091936F /* AuthGateView.swift */,
				16C95C1D2F343D5400F04057 /* LoginUiState.swift */,
				16C95C1E2F343D5400F04057 /* LoginViewModel.swift */,
			);
			path = UI;
			sourceTree = "<group>";
		};
		16A8548A2F3240AF00413976 /* Domain */ = {
			isa = PBXGroup;
			children = (
			);
			path = Domain;
			sourceTree = "<group>";
		};
		16A8548B2F3240B600413976 /* Data */ = {
			isa = PBXGroup;
			children = (
			);
			path = Data;
			sourceTree = "<group>";
		};
		16A8548C2F3240BD00413976 /* UI */ = {
			isa = PBXGroup;
			children = (
			);
			path = UI;
			sourceTree = "<group>";
		};
		16A8548D2F3241F000413976 /* App */ = {
			isa = PBXGroup;
			children = (
				164379AB2F3571A3009D1434 /* AppDelegate.swift */,
				16A8548F2F32430E00413976 /* AppEnvironment.swift */,
				16A8545B2F323F0500413976 /* PedalPalApp.swift */,
			);
			path = App;
			sourceTree = "<group>";
		};
		16A8548E2F32422700413976 /* Resources */ = {
			isa = PBXGroup;
			children = (
				16A854612F323F0600413976 /* Assets.xcassets */,
				164379782F34D66F009D1434 /* Launch Screen.storyboard */,
				16C95C382F34471600F04057 /* README_LaunchScreen.md */,
			);
			path = Resources;
			sourceTree = "<group>";
		};
		16C95C222F34437800F04057 /* UI */ = {
			isa = PBXGroup;
			children = (
				16C95C212F34437800F04057 /* AppointmentsView.swift */,
			);
			path = UI;
			sourceTree = "<group>";
		};
		16C95C232F34437800F04057 /* Appointments */ = {
			isa = PBXGroup;
			children = (
				16C95C222F34437800F04057 /* UI */,
			);
			path = Appointments;
			sourceTree = "<group>";
		};
		16C95C262F34438200F04057 /* UI */ = {
			isa = PBXGroup;
			children = (
				16C95C252F34438200F04057 /* BikesView.swift */,
			);
			path = UI;
			sourceTree = "<group>";
		};
		16C95C272F34438200F04057 /* Bikes */ = {
			isa = PBXGroup;
			children = (
				16C95C262F34438200F04057 /* UI */,
			);
			path = Bikes;
			sourceTree = "<group>";
		};
		16C95C2A2F34438700F04057 /* UI */ = {
			isa = PBXGroup;
			children = (
				16C95C292F34438700F04057 /* HomeView.swift */,
			);
			path = UI;
			sourceTree = "<group>";
		};
		16C95C2B2F34438700F04057 /* Home */ = {
			isa = PBXGroup;
			children = (
				16C95C2A2F34438700F04057 /* UI */,
			);
			path = Home;
			sourceTree = "<group>";
		};
		16C95C2E2F34439000F04057 /* UI */ = {
			isa = PBXGroup;
			children = (
				16C95C2D2F34439000F04057 /* MainTabView.swift */,
			);
			path = UI;
			sourceTree = "<group>";
		};
		16C95C2F2F34439000F04057 /* MainTab */ = {
			isa = PBXGroup;
			children = (
				16C95C2E2F34439000F04057 /* UI */,
			);
			path = MainTab;
			sourceTree = "<group>";
		};
		16C95C322F34439600F04057 /* UI */ = {
			isa = PBXGroup;
			children = (
				16C95C312F34439600F04057 /* ProfileView.swift */,
			);
			path = UI;
			sourceTree = "<group>";
		};
		16C95C332F34439600F04057 /* Profile */ = {
			isa = PBXGroup;
			children = (
				16C95C322F34439600F04057 /* UI */,
			);
			path = Profile;
			sourceTree = "<group>";
		};
/* End PBXGroup section */

/* Begin PBXNativeTarget section */
		16A854572F323F0400413976 /* PedalPal */ = {
			isa = PBXNativeTarget;
			buildConfigurationList = 16A8547B2F323F0700413976 /* Build configuration list for PBXNativeTarget "PedalPal" */;
			buildPhases = (
				16A854542F323F0400413976 /* Sources */,
				16A854552F323F0400413976 /* Frameworks */,
				16A854562F323F0400413976 /* Resources */,
			);
			buildRules = (
			);
			dependencies = (
			);
			name = PedalPal;
			packageProductDependencies = (
				164379982F352FF9009D1434 /* FirebaseAnalytics */,
				1643799A2F352FF9009D1434 /* FirebaseAnalyticsCore */,
				1643799C2F352FF9009D1434 /* FirebaseAnalyticsIdentitySupport */,
				1643799E2F352FF9009D1434 /* FirebaseAuth */,
				164379A02F352FF9009D1434 /* FirebaseCore */,
				164379A22F352FF9009D1434 /* FirebaseCrashlytics */,
				164379A52F35304F009D1434 /* GoogleSignIn */,
				164379A72F35304F009D1434 /* GoogleSignInSwift */,
			);
			productName = PedalPal;
			productReference = 16A854582F323F0400413976 /* PedalPal.app */;
			productType = "com.apple.product-type.application";
		};
		16A854662F323F0700413976 /* PedalPalTests */ = {
			isa = PBXNativeTarget;
			buildConfigurationList = 16A8547E2F323F0700413976 /* Build configuration list for PBXNativeTarget "PedalPalTests" */;
			buildPhases = (
				16A854632F323F0700413976 /* Sources */,
				16A854642F323F0700413976 /* Frameworks */,
				16A854652F323F0700413976 /* Resources */,
			);
			buildRules = (
			);
			dependencies = (
				16A854692F323F0700413976 /* PBXTargetDependency */,
			);
			fileSystemSynchronizedGroups = (
				16A8546A2F323F0700413976 /* PedalPalTests */,
			);
			name = PedalPalTests;
			packageProductDependencies = (
			);
			productName = PedalPalTests;
			productReference = 16A854672F323F0700413976 /* PedalPalTests.xctest */;
			productType = "com.apple.product-type.bundle.unit-test";
		};
		16A854702F323F0700413976 /* PedalPalUITests */ = {
			isa = PBXNativeTarget;
			buildConfigurationList = 16A854812F323F0700413976 /* Build configuration list for PBXNativeTarget "PedalPalUITests" */;
			buildPhases = (
				16A8546D2F323F0700413976 /* Sources */,
				16A8546E2F323F0700413976 /* Frameworks */,
				16A8546F2F323F0700413976 /* Resources */,
			);
			buildRules = (
			);
			dependencies = (
				16A854732F323F0700413976 /* PBXTargetDependency */,
			);
			fileSystemSynchronizedGroups = (
				16A854742F323F0700413976 /* PedalPalUITests */,
			);
			name = PedalPalUITests;
			packageProductDependencies = (
			);
			productName = PedalPalUITests;
			productReference = 16A854712F323F0700413976 /* PedalPalUITests.xctest */;
			productType = "com.apple.product-type.bundle.ui-testing";
		};
/* End PBXNativeTarget section */

/* Begin PBXProject section */
		16A854502F323F0400413976 /* Project object */ = {
			isa = PBXProject;
			attributes = {
				BuildIndependentTargetsInParallel = 1;
				LastSwiftUpdateCheck = 2600;
				LastUpgradeCheck = 2620;
				TargetAttributes = {
					16A854572F323F0400413976 = {
						CreatedOnToolsVersion = 26.0.1;
					};
					16A854662F323F0700413976 = {
						CreatedOnToolsVersion = 26.0.1;
						TestTargetID = 16A854572F323F0400413976;
					};
					16A854702F323F0700413976 = {
						CreatedOnToolsVersion = 26.0.1;
						TestTargetID = 16A854572F323F0400413976;
					};
				};
			};
			buildConfigurationList = 16A854532F323F0400413976 /* Build configuration list for PBXProject "PedalPal" */;
			developmentRegion = en;
			hasScannedForEncodings = 0;
			knownRegions = (
				en,
				Base,
			);
			mainGroup = 16A8544F2F323F0400413976;
			minimizedProjectReferenceProxies = 1;
			packageReferences = (
				164379972F352FF9009D1434 /* XCRemoteSwiftPackageReference "firebase-ios-sdk" */,
				164379A42F35304F009D1434 /* XCRemoteSwiftPackageReference "GoogleSignIn-iOS" */,
			);
			preferredProjectObjectVersion = 77;
			productRefGroup = 16A854592F323F0400413976 /* Products */;
			projectDirPath = "";
			projectRoot = "";
			targets = (
				16A854572F323F0400413976 /* PedalPal */,
				16A854662F323F0700413976 /* PedalPalTests */,
				16A854702F323F0700413976 /* PedalPalUITests */,
			);
		};
/* End PBXProject section */

/* Begin PBXResourcesBuildPhase section */
		16A854562F323F0400413976 /* Resources */ = {
			isa = PBXResourcesBuildPhase;
			buildActionMask = 2147483647;
			files = (
				164379792F34D66F009D1434 /* Launch Screen.storyboard in Resources */,
				164379AA2F3530CA009D1434 /* GoogleService-Info.plist in Resources */,
				16A854622F323F0600413976 /* Assets.xcassets in Resources */,
				164379752F34D09C009D1434 /* PedalPal-info.plist in Resources */,
			);
			runOnlyForDeploymentPostprocessing = 0;
		};
		16A854652F323F0700413976 /* Resources */ = {
			isa = PBXResourcesBuildPhase;
			buildActionMask = 2147483647;
			files = (
			);
			runOnlyForDeploymentPostprocessing = 0;
		};
		16A8546F2F323F0700413976 /* Resources */ = {
			isa = PBXResourcesBuildPhase;
			buildActionMask = 2147483647;
			files = (
			);
			runOnlyForDeploymentPostprocessing = 0;
		};
/* End PBXResourcesBuildPhase section */

/* Begin PBXSourcesBuildPhase section */
		16A854542F323F0400413976 /* Sources */ = {
			isa = PBXSourcesBuildPhase;
			buildActionMask = 2147483647;
			files = (
				16596F0C2F324FCB0091936F /* BackendUser.swift in Sources */,
				164379912F35241B009D1434 /* AuthTokensDto.swift in Sources */,
				16596F0D2F324FCB0091936F /* FirebaseUserInfo.swift in Sources */,
				16596F0E2F324FCB0091936F /* BackendPerson.swift in Sources */,
				16596F122F324FD70091936F /* AuthRepository.swift in Sources */,
				16596F0F2F324FCB0091936F /* BackendCreateUserRequest.swift in Sources */,
				16C95C2C2F34438700F04057 /* HomeView.swift in Sources */,
				164379962F352462009D1434 /* AuthRemoteDataSourceImpl.swift in Sources */,
				1643798E2F352398009D1434 /* AuthError.swift in Sources */,
				1643798B2F3522FC009D1434 /* FirebaseAuth+Async.swift in Sources */,
				16C95C282F34438200F04057 /* BikesView.swift in Sources */,
				164379942F35244C009D1434 /* AuthTokenMapper.swift in Sources */,
				16596F1A2F3250000091936F /* SignUpWithEmailUseCase.swift in Sources */,
				16596F1B2F3250000091936F /* ReloadUserUseCase.swift in Sources */,
				164379802F352034009D1434 /* AuthRepositoryImpl.swift in Sources */,
				16C95C302F34439000F04057 /* MainTabView.swift in Sources */,
				164379AE2F3572CD009D1434 /* FirebaseUserMapper.swift in Sources */,
				16596F1C2F3250000091936F /* CheckEmailVerifiedUseCase.swift in Sources */,
				16596F1D2F3250000091936F /* SignInWithGoogleUseCase.swift in Sources */,
				164379AC2F3571A6009D1434 /* AppDelegate.swift in Sources */,
				16596F1E2F3250000091936F /* SendVerificationEmailUseCase.swift in Sources */,
				16596F1F2F3250000091936F /* SignInWithEmailUseCase.swift in Sources */,
				164379832F3520AA009D1434 /* AuthRemoteDataSource.swift in Sources */,
				164379892F3522EF009D1434 /* FirebaseUser+Async.swift in Sources */,
				16596F202F3250000091936F /* CreateBackendUserUseCase.swift in Sources */,
				16596F102F324FCB0091936F /* AuthToken.swift in Sources */,
				16C95C342F34439600F04057 /* ProfileView.swift in Sources */,
				1643797D2F34ED01009D1434 /* LoginUseCases.swift in Sources */,
				164379852F3520C6009D1434 /* FirebaseAuthDataSource.swift in Sources */,
				16A8545C2F323F0500413976 /* PedalPalApp.swift in Sources */,
				16C95C242F34437800F04057 /* AppointmentsView.swift in Sources */,
				164379872F352139009D1434 /* FirebaseAuthDataSourceImpl.swift in Sources */,
				16596F032F3248A00091936F /* AuthGateView.swift in Sources */,
				16A854902F32431300413976 /* AppEnvironment.swift in Sources */,
				16C95C1F2F343D5400F04057 /* LoginViewModel.swift in Sources */,
				16C95C202F343D5400F04057 /* LoginUiState.swift in Sources */,
			);
			runOnlyForDeploymentPostprocessing = 0;
		};
		16A854632F323F0700413976 /* Sources */ = {
			isa = PBXSourcesBuildPhase;
			buildActionMask = 2147483647;
			files = (
			);
			runOnlyForDeploymentPostprocessing = 0;
		};
		16A8546D2F323F0700413976 /* Sources */ = {
			isa = PBXSourcesBuildPhase;
			buildActionMask = 2147483647;
			files = (
			);
			runOnlyForDeploymentPostprocessing = 0;
		};
/* End PBXSourcesBuildPhase section */

/* Begin PBXTargetDependency section */
		16A854692F323F0700413976 /* PBXTargetDependency */ = {
			isa = PBXTargetDependency;
			target = 16A854572F323F0400413976 /* PedalPal */;
			targetProxy = 16A854682F323F0700413976 /* PBXContainerItemProxy */;
		};
		16A854732F323F0700413976 /* PBXTargetDependency */ = {
			isa = PBXTargetDependency;
			target = 16A854572F323F0400413976 /* PedalPal */;
			targetProxy = 16A854722F323F0700413976 /* PBXContainerItemProxy */;
		};
/* End PBXTargetDependency section */

/* Begin XCBuildConfiguration section */
		16A854792F323F0700413976 /* Debug */ = {
			isa = XCBuildConfiguration;
			buildSettings = {
				ALWAYS_SEARCH_USER_PATHS = NO;
				ASSETCATALOG_COMPILER_GENERATE_SWIFT_ASSET_SYMBOL_EXTENSIONS = YES;
				CLANG_ANALYZER_NONNULL = YES;
				CLANG_ANALYZER_NUMBER_OBJECT_CONVERSION = YES_AGGRESSIVE;
				CLANG_CXX_LANGUAGE_STANDARD = "gnu++20";
				CLANG_ENABLE_MODULES = YES;
				CLANG_ENABLE_OBJC_ARC = YES;
				CLANG_ENABLE_OBJC_WEAK = YES;
				CLANG_WARN_BLOCK_CAPTURE_AUTORELEASING = YES;
				CLANG_WARN_BOOL_CONVERSION = YES;
				CLANG_WARN_COMMA = YES;
				CLANG_WARN_CONSTANT_CONVERSION = YES;
				CLANG_WARN_DEPRECATED_OBJC_IMPLEMENTATIONS = YES;
				CLANG_WARN_DIRECT_OBJC_ISA_USAGE = YES_ERROR;
				CLANG_WARN_DOCUMENTATION_COMMENTS = YES;
				CLANG_WARN_EMPTY_BODY = YES;
				CLANG_WARN_ENUM_CONVERSION = YES;
				CLANG_WARN_INFINITE_RECURSION = YES;
				CLANG_WARN_INT_CONVERSION = YES;
				CLANG_WARN_NON_LITERAL_NULL_CONVERSION = YES;
				CLANG_WARN_OBJC_IMPLICIT_RETAIN_SELF = YES;
				CLANG_WARN_OBJC_LITERAL_CONVERSION = YES;
				CLANG_WARN_OBJC_ROOT_CLASS = YES_ERROR;
				CLANG_WARN_QUOTED_INCLUDE_IN_FRAMEWORK_HEADER = YES;
				CLANG_WARN_RANGE_LOOP_ANALYSIS = YES;
				CLANG_WARN_STRICT_PROTOTYPES = YES;
				CLANG_WARN_SUSPICIOUS_MOVE = YES;
				CLANG_WARN_UNGUARDED_AVAILABILITY = YES_AGGRESSIVE;
				CLANG_WARN_UNREACHABLE_CODE = YES;
				CLANG_WARN__DUPLICATE_METHOD_MATCH = YES;
				COPY_PHASE_STRIP = NO;
				DEBUG_INFORMATION_FORMAT = dwarf;
				DEVELOPMENT_TEAM = RSKK32Z9W5;
				ENABLE_STRICT_OBJC_MSGSEND = YES;
				ENABLE_TESTABILITY = YES;
				ENABLE_USER_SCRIPT_SANDBOXING = YES;
				GCC_C_LANGUAGE_STANDARD = gnu17;
				GCC_DYNAMIC_NO_PIC = NO;
				GCC_NO_COMMON_BLOCKS = YES;
				GCC_OPTIMIZATION_LEVEL = 0;
				GCC_PREPROCESSOR_DEFINITIONS = (
					"DEBUG=1",
					"$(inherited)",
				);
				GCC_WARN_64_TO_32_BIT_CONVERSION = YES;
				GCC_WARN_ABOUT_RETURN_TYPE = YES_ERROR;
				GCC_WARN_UNDECLARED_SELECTOR = YES;
				GCC_WARN_UNINITIALIZED_AUTOS = YES_AGGRESSIVE;
				GCC_WARN_UNUSED_FUNCTION = YES;
				GCC_WARN_UNUSED_VARIABLE = YES;
				IPHONEOS_DEPLOYMENT_TARGET = 26.0;
				LOCALIZATION_PREFERS_STRING_CATALOGS = YES;
				MTL_ENABLE_DEBUG_INFO = INCLUDE_SOURCE;
				MTL_FAST_MATH = YES;
				ONLY_ACTIVE_ARCH = YES;
				SDKROOT = iphoneos;
				STRING_CATALOG_GENERATE_SYMBOLS = YES;
				SWIFT_ACTIVE_COMPILATION_CONDITIONS = "DEBUG $(inherited)";
				SWIFT_OPTIMIZATION_LEVEL = "-Onone";
			};
			name = Debug;
		};
		16A8547A2F323F0700413976 /* Release */ = {
			isa = XCBuildConfiguration;
			buildSettings = {
				ALWAYS_SEARCH_USER_PATHS = NO;
				ASSETCATALOG_COMPILER_GENERATE_SWIFT_ASSET_SYMBOL_EXTENSIONS = YES;
				CLANG_ANALYZER_NONNULL = YES;
				CLANG_ANALYZER_NUMBER_OBJECT_CONVERSION = YES_AGGRESSIVE;
				CLANG_CXX_LANGUAGE_STANDARD = "gnu++20";
				CLANG_ENABLE_MODULES = YES;
				CLANG_ENABLE_OBJC_ARC = YES;
				CLANG_ENABLE_OBJC_WEAK = YES;
				CLANG_WARN_BLOCK_CAPTURE_AUTORELEASING = YES;
				CLANG_WARN_BOOL_CONVERSION = YES;
				CLANG_WARN_COMMA = YES;
				CLANG_WARN_CONSTANT_CONVERSION = YES;
				CLANG_WARN_DEPRECATED_OBJC_IMPLEMENTATIONS = YES;
				CLANG_WARN_DIRECT_OBJC_ISA_USAGE = YES_ERROR;
				CLANG_WARN_DOCUMENTATION_COMMENTS = YES;
				CLANG_WARN_EMPTY_BODY = YES;
				CLANG_WARN_ENUM_CONVERSION = YES;
				CLANG_WARN_INFINITE_RECURSION = YES;
				CLANG_WARN_INT_CONVERSION = YES;
				CLANG_WARN_NON_LITERAL_NULL_CONVERSION = YES;
				CLANG_WARN_OBJC_IMPLICIT_RETAIN_SELF = YES;
				CLANG_WARN_OBJC_LITERAL_CONVERSION = YES;
				CLANG_WARN_OBJC_ROOT_CLASS = YES_ERROR;
				CLANG_WARN_QUOTED_INCLUDE_IN_FRAMEWORK_HEADER = YES;
				CLANG_WARN_RANGE_LOOP_ANALYSIS = YES;
				CLANG_WARN_STRICT_PROTOTYPES = YES;
				CLANG_WARN_SUSPICIOUS_MOVE = YES;
				CLANG_WARN_UNGUARDED_AVAILABILITY = YES_AGGRESSIVE;
				CLANG_WARN_UNREACHABLE_CODE = YES;
				CLANG_WARN__DUPLICATE_METHOD_MATCH = YES;
				COPY_PHASE_STRIP = NO;
				DEBUG_INFORMATION_FORMAT = "dwarf-with-dsym";
				DEVELOPMENT_TEAM = RSKK32Z9W5;
				ENABLE_NS_ASSERTIONS = NO;
				ENABLE_STRICT_OBJC_MSGSEND = YES;
				ENABLE_USER_SCRIPT_SANDBOXING = YES;
				GCC_C_LANGUAGE_STANDARD = gnu17;
				GCC_NO_COMMON_BLOCKS = YES;
				GCC_WARN_64_TO_32_BIT_CONVERSION = YES;
				GCC_WARN_ABOUT_RETURN_TYPE = YES_ERROR;
				GCC_WARN_UNDECLARED_SELECTOR = YES;
				GCC_WARN_UNINITIALIZED_AUTOS = YES_AGGRESSIVE;
				GCC_WARN_UNUSED_FUNCTION = YES;
				GCC_WARN_UNUSED_VARIABLE = YES;
				IPHONEOS_DEPLOYMENT_TARGET = 26.0;
				LOCALIZATION_PREFERS_STRING_CATALOGS = YES;
				MTL_ENABLE_DEBUG_INFO = NO;
				MTL_FAST_MATH = YES;
				SDKROOT = iphoneos;
				STRING_CATALOG_GENERATE_SYMBOLS = YES;
				SWIFT_COMPILATION_MODE = wholemodule;
				VALIDATE_PRODUCT = YES;
			};
			name = Release;
		};
		16A8547C2F323F0700413976 /* Debug */ = {
			isa = XCBuildConfiguration;
			buildSettings = {
				ASSETCATALOG_COMPILER_APPICON_NAME = AppIcon;
				ASSETCATALOG_COMPILER_GLOBAL_ACCENT_COLOR_NAME = AccentColor;
				ASSETCATALOG_COMPILER_INCLUDE_ALL_APPICON_ASSETS = YES;
				CODE_SIGN_STYLE = Automatic;
				CURRENT_PROJECT_VERSION = 1;
				DEVELOPMENT_TEAM = RSKK32Z9W5;
				ENABLE_PREVIEWS = YES;
				GENERATE_INFOPLIST_FILE = YES;
				INFOPLIST_FILE = "PedalPal-Info.plist";
				INFOPLIST_KEY_LSApplicationCategoryType = "public.app-category.utilities";
				INFOPLIST_KEY_UIApplicationSupportsIndirectInputEvents = YES;
				INFOPLIST_KEY_UISupportedInterfaceOrientations_iPad = "UIInterfaceOrientationPortrait UIInterfaceOrientationPortraitUpsideDown UIInterfaceOrientationLandscapeLeft UIInterfaceOrientationLandscapeRight";
				INFOPLIST_KEY_UISupportedInterfaceOrientations_iPhone = "UIInterfaceOrientationPortrait UIInterfaceOrientationLandscapeLeft UIInterfaceOrientationLandscapeRight";
				IPHONEOS_DEPLOYMENT_TARGET = 18.6;
				LD_RUNPATH_SEARCH_PATHS = (
					"$(inherited)",
					"@executable_path/Frameworks",
				);
				MARKETING_VERSION = 1.0;
				PRODUCT_BUNDLE_IDENTIFIER = com.quetoquenana.ios.PedalPal;
				PRODUCT_NAME = "$(TARGET_NAME)";
				STRING_CATALOG_GENERATE_SYMBOLS = YES;
				SWIFT_APPROACHABLE_CONCURRENCY = YES;
				SWIFT_DEFAULT_ACTOR_ISOLATION = MainActor;
				SWIFT_EMIT_LOC_STRINGS = YES;
				SWIFT_UPCOMING_FEATURE_MEMBER_IMPORT_VISIBILITY = YES;
				SWIFT_VERSION = 5.0;
				TARGETED_DEVICE_FAMILY = "1,2";
			};
			name = Debug;
		};
		16A8547D2F323F0700413976 /* Release */ = {
			isa = XCBuildConfiguration;
			buildSettings = {
				ASSETCATALOG_COMPILER_APPICON_NAME = AppIcon;
				ASSETCATALOG_COMPILER_GLOBAL_ACCENT_COLOR_NAME = AccentColor;
				ASSETCATALOG_COMPILER_INCLUDE_ALL_APPICON_ASSETS = YES;
				CODE_SIGN_STYLE = Automatic;
				CURRENT_PROJECT_VERSION = 1;
				DEVELOPMENT_TEAM = RSKK32Z9W5;
				ENABLE_PREVIEWS = YES;
				GENERATE_INFOPLIST_FILE = YES;
				INFOPLIST_FILE = "PedalPal-Info.plist";
				INFOPLIST_KEY_LSApplicationCategoryType = "public.app-category.utilities";
				INFOPLIST_KEY_UIApplicationSupportsIndirectInputEvents = YES;
				INFOPLIST_KEY_UISupportedInterfaceOrientations_iPad = "UIInterfaceOrientationPortrait UIInterfaceOrientationPortraitUpsideDown UIInterfaceOrientationLandscapeLeft UIInterfaceOrientationLandscapeRight";
				INFOPLIST_KEY_UISupportedInterfaceOrientations_iPhone = "UIInterfaceOrientationPortrait UIInterfaceOrientationLandscapeLeft UIInterfaceOrientationLandscapeRight";
				IPHONEOS_DEPLOYMENT_TARGET = 18.6;
				LD_RUNPATH_SEARCH_PATHS = (
					"$(inherited)",
					"@executable_path/Frameworks",
				);
				MARKETING_VERSION = 1.0;
				PRODUCT_BUNDLE_IDENTIFIER = com.quetoquenana.ios.PedalPal;
				PRODUCT_NAME = "$(TARGET_NAME)";
				STRING_CATALOG_GENERATE_SYMBOLS = YES;
				SWIFT_APPROACHABLE_CONCURRENCY = YES;
				SWIFT_DEFAULT_ACTOR_ISOLATION = MainActor;
				SWIFT_EMIT_LOC_STRINGS = YES;
				SWIFT_UPCOMING_FEATURE_MEMBER_IMPORT_VISIBILITY = YES;
				SWIFT_VERSION = 5.0;
				TARGETED_DEVICE_FAMILY = "1,2";
			};
			name = Release;
		};
		16A8547F2F323F0700413976 /* Debug */ = {
			isa = XCBuildConfiguration;
			buildSettings = {
				BUNDLE_LOADER = "$(TEST_HOST)";
				CODE_SIGN_STYLE = Automatic;
				CURRENT_PROJECT_VERSION = 1;
				DEVELOPMENT_TEAM = RSKK32Z9W5;
				GENERATE_INFOPLIST_FILE = YES;
				IPHONEOS_DEPLOYMENT_TARGET = 26.0;
				MARKETING_VERSION = 1.0;
				PRODUCT_BUNDLE_IDENTIFIER = com.quetoquenana.ios.PedalPalTests;
				PRODUCT_NAME = "$(TARGET_NAME)";
				STRING_CATALOG_GENERATE_SYMBOLS = NO;
				SWIFT_APPROACHABLE_CONCURRENCY = YES;
				SWIFT_EMIT_LOC_STRINGS = NO;
				SWIFT_UPCOMING_FEATURE_MEMBER_IMPORT_VISIBILITY = YES;
				SWIFT_VERSION = 5.0;
				TARGETED_DEVICE_FAMILY = "1,2";
				TEST_HOST = "$(BUILT_PRODUCTS_DIR)/PedalPal.app/$(BUNDLE_EXECUTABLE_FOLDER_PATH)/PedalPal";
			};
			name = Debug;
		};
		16A854802F323F0700413976 /* Release */ = {
			isa = XCBuildConfiguration;
			buildSettings = {
				BUNDLE_LOADER = "$(TEST_HOST)";
				CODE_SIGN_STYLE = Automatic;
				CURRENT_PROJECT_VERSION = 1;
				DEVELOPMENT_TEAM = RSKK32Z9W5;
				GENERATE_INFOPLIST_FILE = YES;
				IPHONEOS_DEPLOYMENT_TARGET = 26.0;
				MARKETING_VERSION = 1.0;
				PRODUCT_BUNDLE_IDENTIFIER = com.quetoquenana.ios.PedalPalTests;
				PRODUCT_NAME = "$(TARGET_NAME)";
				STRING_CATALOG_GENERATE_SYMBOLS = NO;
				SWIFT_APPROACHABLE_CONCURRENCY = YES;
				SWIFT_EMIT_LOC_STRINGS = NO;
				SWIFT_UPCOMING_FEATURE_MEMBER_IMPORT_VISIBILITY = YES;
				SWIFT_VERSION = 5.0;
				TARGETED_DEVICE_FAMILY = "1,2";
				TEST_HOST = "$(BUILT_PRODUCTS_DIR)/PedalPal.app/$(BUNDLE_EXECUTABLE_FOLDER_PATH)/PedalPal";
			};
			name = Release;
		};
		16A854822F323F0700413976 /* Debug */ = {
			isa = XCBuildConfiguration;
			buildSettings = {
				CODE_SIGN_STYLE = Automatic;
				CURRENT_PROJECT_VERSION = 1;
				DEVELOPMENT_TEAM = RSKK32Z9W5;
				GENERATE_INFOPLIST_FILE = YES;
				MARKETING_VERSION = 1.0;
				PRODUCT_BUNDLE_IDENTIFIER = com.quetoquenana.ios.PedalPalUITests;
				PRODUCT_NAME = "$(TARGET_NAME)";
				STRING_CATALOG_GENERATE_SYMBOLS = NO;
				SWIFT_APPROACHABLE_CONCURRENCY = YES;
				SWIFT_EMIT_LOC_STRINGS = NO;
				SWIFT_UPCOMING_FEATURE_MEMBER_IMPORT_VISIBILITY = YES;
				SWIFT_VERSION = 5.0;
				TARGETED_DEVICE_FAMILY = "1,2";
				TEST_TARGET_NAME = PedalPal;
			};
			name = Debug;
		};
		16A854832F323F0700413976 /* Release */ = {
			isa = XCBuildConfiguration;
			buildSettings = {
				CODE_SIGN_STYLE = Automatic;
				CURRENT_PROJECT_VERSION = 1;
				DEVELOPMENT_TEAM = RSKK32Z9W5;
				GENERATE_INFOPLIST_FILE = YES;
				MARKETING_VERSION = 1.0;
				PRODUCT_BUNDLE_IDENTIFIER = com.quetoquenana.ios.PedalPalUITests;
				PRODUCT_NAME = "$(TARGET_NAME)";
				STRING_CATALOG_GENERATE_SYMBOLS = NO;
				SWIFT_APPROACHABLE_CONCURRENCY = YES;
				SWIFT_EMIT_LOC_STRINGS = NO;
				SWIFT_UPCOMING_FEATURE_MEMBER_IMPORT_VISIBILITY = YES;
				SWIFT_VERSION = 5.0;
				TARGETED_DEVICE_FAMILY = "1,2";
				TEST_TARGET_NAME = PedalPal;
			};
			name = Release;
		};
/* End XCBuildConfiguration section */

/* Begin XCConfigurationList section */
		16A854532F323F0400413976 /* Build configuration list for PBXProject "PedalPal" */ = {
			isa = XCConfigurationList;
			buildConfigurations = (
				16A854792F323F0700413976 /* Debug */,
				16A8547A2F323F0700413976 /* Release */,
			);
			defaultConfigurationIsVisible = 0;
			defaultConfigurationName = Release;
		};
		16A8547B2F323F0700413976 /* Build configuration list for PBXNativeTarget "PedalPal" */ = {
			isa = XCConfigurationList;
			buildConfigurations = (
				16A8547C2F323F0700413976 /* Debug */,
				16A8547D2F323F0700413976 /* Release */,
			);
			defaultConfigurationIsVisible = 0;
			defaultConfigurationName = Release;
		};
		16A8547E2F323F0700413976 /* Build configuration list for PBXNativeTarget "PedalPalTests" */ = {
			isa = XCConfigurationList;
			buildConfigurations = (
				16A8547F2F323F0700413976 /* Debug */,
				16A854802F323F0700413976 /* Release */,
			);
			defaultConfigurationIsVisible = 0;
			defaultConfigurationName = Release;
		};
		16A854812F323F0700413976 /* Build configuration list for PBXNativeTarget "PedalPalUITests" */ = {
			isa = XCConfigurationList;
			buildConfigurations = (
				16A854822F323F0700413976 /* Debug */,
				16A854832F323F0700413976 /* Release */,
			);
			defaultConfigurationIsVisible = 0;
			defaultConfigurationName = Release;
		};
/* End XCConfigurationList section */

/* Begin XCRemoteSwiftPackageReference section */
		164379972F352FF9009D1434 /* XCRemoteSwiftPackageReference "firebase-ios-sdk" */ = {
			isa = XCRemoteSwiftPackageReference;
			repositoryURL = "https://github.com/firebase/firebase-ios-sdk";
			requirement = {
				kind = upToNextMajorVersion;
				minimumVersion = 12.9.0;
			};
		};
		164379A42F35304F009D1434 /* XCRemoteSwiftPackageReference "GoogleSignIn-iOS" */ = {
			isa = XCRemoteSwiftPackageReference;
			repositoryURL = "https://github.com/google/GoogleSignIn-iOS";
			requirement = {
				kind = upToNextMajorVersion;
				minimumVersion = 9.1.0;
			};
		};
/* End XCRemoteSwiftPackageReference section */

/* Begin XCSwiftPackageProductDependency section */
		164379982F352FF9009D1434 /* FirebaseAnalytics */ = {
			isa = XCSwiftPackageProductDependency;
			package = 164379972F352FF9009D1434 /* XCRemoteSwiftPackageReference "firebase-ios-sdk" */;
			productName = FirebaseAnalytics;
		};
		1643799A2F352FF9009D1434 /* FirebaseAnalyticsCore */ = {
			isa = XCSwiftPackageProductDependency;
			package = 164379972F352FF9009D1434 /* XCRemoteSwiftPackageReference "firebase-ios-sdk" */;
			productName = FirebaseAnalyticsCore;
		};
		1643799C2F352FF9009D1434 /* FirebaseAnalyticsIdentitySupport */ = {
			isa = XCSwiftPackageProductDependency;
			package = 164379972F352FF9009D1434 /* XCRemoteSwiftPackageReference "firebase-ios-sdk" */;
			productName = FirebaseAnalyticsIdentitySupport;
		};
		1643799E2F352FF9009D1434 /* FirebaseAuth */ = {
			isa = XCSwiftPackageProductDependency;
			package = 164379972F352FF9009D1434 /* XCRemoteSwiftPackageReference "firebase-ios-sdk" */;
			productName = FirebaseAuth;
		};
		164379A02F352FF9009D1434 /* FirebaseCore */ = {
			isa = XCSwiftPackageProductDependency;
			package = 164379972F352FF9009D1434 /* XCRemoteSwiftPackageReference "firebase-ios-sdk" */;
			productName = FirebaseCore;
		};
		164379A22F352FF9009D1434 /* FirebaseCrashlytics */ = {
			isa = XCSwiftPackageProductDependency;
			package = 164379972F352FF9009D1434 /* XCRemoteSwiftPackageReference "firebase-ios-sdk" */;
			productName = FirebaseCrashlytics;
		};
		164379A52F35304F009D1434 /* GoogleSignIn */ = {
			isa = XCSwiftPackageProductDependency;
			package = 164379A42F35304F009D1434 /* XCRemoteSwiftPackageReference "GoogleSignIn-iOS" */;
			productName = GoogleSignIn;
		};
		164379A72F35304F009D1434 /* GoogleSignInSwift */ = {
			isa = XCSwiftPackageProductDependency;
			package = 164379A42F35304F009D1434 /* XCRemoteSwiftPackageReference "GoogleSignIn-iOS" */;
			productName = GoogleSignInSwift;
		};
/* End XCSwiftPackageProductDependency section */
	};
	rootObject = 16A854502F323F0400413976 /* Project object */;
}
